
Microsoft Visual Studio Solution File, Format Version 12.00
# Visual Studio Version 16
VisualStudioVersion = 16.0.29905.134
MinimumVisualStudioVersion = 10.0.40219.1
Project("{9A19103F-16F7-4668-BE54-9A1E7A4F7556}") = "AWSLambda", "AWSLambda.csproj", "{587A78F1-1674-49F0-9484-799F0C5638CA}"
EndProject
Project("{9A19103F-16F7-4668-BE54-9A1E7A4F7556}") = "ImageHandler", "..\ImageHandler\ImageHandler.csproj", "{B8CA37B0-4691-4E42-971B-CA5528D350F4}"
EndProject
Global
	GlobalSection(SolutionConfigurationPlatforms) = preSolution
		Debug|Any CPU = Debug|Any CPU
		Release|Any CPU = Release|Any CPU
	EndGlobalSection
	GlobalSection(ProjectConfigurationPlatforms) = postSolution
		{587A78F1-1674-49F0-9484-799F0C5638CA}.Debug|Any CPU.ActiveCfg = Debug|Any CPU
		{587A78F1-1674-49F0-9484-799F0C5638CA}.Debug|Any CPU.Build.0 = Debug|Any CPU
		{587A78F1-1674-49F0-9484-799F0C5638CA}.Release|Any CPU.ActiveCfg = Release|Any CPU
		{587A78F1-1674-49F0-9484-799F0C5638CA}.Release|Any CPU.Build.0 = Release|Any CPU
		{B8CA37B0-4691-4E42-971B-CA5528D350F4}.Debug|Any CPU.ActiveCfg = Debug|Any CPU
		{B8CA37B0-4691-4E42-971B-CA5528D350F4}.Debug|Any CPU.Build.0 = Debug|Any CPU
		{B8CA37B0-4691-4E42-971B-CA5528D350F4}.Release|Any CPU.ActiveCfg = Release|Any CPU
		{B8CA37B0-4691-4E42-971B-CA5528D350F4}.Release|Any CPU.Build.0 = Release|Any CPU
	EndGlobalSection
	GlobalSection(SolutionProperties) = preSolution
		HideSolutionNode = FALSE
	EndGlobalSection
	GlobalSection(ExtensibilityGlobals) = postSolution
		SolutionGuid = {CB8DB0DB-177D-4393-95B4-4C8652B0FA03}
	EndGlobalSection
EndGlobal
